
Microsoft Visual Studio Solution File, Format Version 12.00
# Visual Studio 15
VisualStudioVersion = 15.0.27703.2042
MinimumVisualStudioVersion = 10.0.40219.1
Project("{FAE04EC0-301F-11D3-BF4B-00C04F79EFBC}") = "DapperWithRepoPattern", "DapperWithRepoPattern\DapperWithRepoPattern.csproj", "{106F0EA6-4992-4BE1-818B-6762CEFBCC4B}"
EndProject
Global
	GlobalSection(SolutionConfigurationPlatforms) = preSolution
		Debug|Any CPU = Debug|Any CPU
		Release|Any CPU = Release|Any CPU
	EndGlobalSection
	GlobalSection(ProjectConfigurationPlatforms) = postSolution
		{106F0EA6-4992-4BE1-818B-6762CEFBCC4B}.Debug|Any CPU.ActiveCfg = Debug|Any CPU
		{106F0EA6-4992-4BE1-818B-6762CEFBCC4B}.Debug|Any CPU.Build.0 = Debug|Any CPU
		{106F0EA6-4992-4BE1-818B-6762CEFBCC4B}.Release|Any CPU.ActiveCfg = Release|Any CPU
		{106F0EA6-4992-4BE1-818B-6762CEFBCC4B}.Release|Any CPU.Build.0 = Release|Any CPU
	EndGlobalSection
	GlobalSection(SolutionProperties) = preSolution
		HideSolutionNode = FALSE
	EndGlobalSection
	GlobalSection(ExtensibilityGlobals) = postSolution
		SolutionGuid = {693E3D98-259C-4D26-9BC1-E757E5682D0B}
	EndGlobalSection
EndGlobal
